{
  "version": "5",
  "specifiers": {
    "jsr:@cloudydeno/opentelemetry@~0.11.1": "0.11.1",
    "jsr:@std/assert@^1.0.19": "1.0.19",
    "jsr:@std/encoding@0.224.0": "0.224.0",
    "jsr:@std/encoding@^1.0.11": "1.0.11",
    "jsr:@std/internal@^1.0.12": "1.0.14",
    "jsr:@std/internal@^1.0.14": "1.0.14",
    "jsr:@std/path@^1.1.6": "1.1.6",
    "jsr:@std/yaml@^1.2.0": "1.2.0",
    "jsr:@zaubrik/djwt@^3.0.2": "3.0.2"
  },
  "jsr": {
    "@cloudydeno/opentelemetry@0.11.1": {
      "integrity": "fcf3bec43e13170b40b0a22dc1212dd28b7c0bbd153e6b307275848444a276e2"
    },
    "@std/assert@1.0.19": {
      "integrity": "eaada96ee120cb980bc47e040f82814d786fe8162ecc53c91d8df60b8755991e",
      "dependencies": [
        "jsr:@std/internal@^1.0.12"
      ]
    },
    "@std/encoding@0.224.0": {
      "integrity": "efb6dca97d3e9c31392bd5c8cfd9f9fc9decf5a1f4d1f78af7900a493bcf89b5"
    },
    "@std/encoding@1.0.11": {
      "integrity": "e7cef2f0b3153bccc17431e7c864a1de03a4b6d9647389c43e08aaa775d37385"
    },
    "@std/internal@1.0.14": {
      "integrity": "291516b3d4c35024d6ffbc0a9df5bf4c64116e05b50012cf846710152d2ffdf7"
    },
    "@std/path@1.1.6": {
      "integrity": "c68485c2a4dfbb5ae3cc74fae4e8c4e5d874cf8a8ed12927917235c758b46cbe",
      "dependencies": [
        "jsr:@std/internal@^1.0.14"
      ]
    },
    "@std/yaml@1.2.0": {
      "integrity": "20beb41e4983ba3437dbefac62b14061ab058e8a187596f19d28ff9035f6e6cf"
    },
    "@zaubrik/djwt@3.0.2": {
      "integrity": "8070adaa49cd9e5d2b8ae82fd461132c966ef2f8ff8378db4a4da8df4f17c664",
      "dependencies": [
        "jsr:@std/encoding@0.224.0"
      ]
    }
  },
  "workspace": {
    "dependencies": [
      "jsr:@cloudydeno/opentelemetry@~0.11.1",
      "jsr:@std/assert@^1.0.19",
      "jsr:@std/encoding@^1.0.11",
      "jsr:@std/path@^1.1.6",
      "jsr:@std/yaml@^1.2.0",
      "jsr:@zaubrik/djwt@^3.0.2"
    ]
  }
}
